
Microsoft Visual Studio Solution File, Format Version 12.00
# Visual Studio Version 16
VisualStudioVersion = 16.0.29102.190
MinimumVisualStudioVersion = 10.0.40219.1
Project("{FAE04EC0-301F-11D3-BF4B-00C04F79EFBC}") = "CZGL.Auth", "CZGL.Auth\CZGL.Auth.csproj", "{740BBCB9-7BB1-4BFB-8AB9-7BEA57235158}"
EndProject
Project("{9A19103F-16F7-4668-BE54-9A1E7A4F7556}") = "AuthTest", "AuthTest\AuthTest.csproj", "{1AC2705F-A37E-4A15-9DC6-C7C07D784A8C}"
EndProject
Project("{FAE04EC0-301F-11D3-BF4B-00C04F79EFBC}") = "CZGL.Auth.Sample1", "CZGL.Auth.Sample1\CZGL.Auth.Sample1.csproj", "{23A38140-D231-49AF-AC34-4E8880F75477}"
EndProject
Global
	GlobalSection(SolutionConfigurationPlatforms) = preSolution
		Debug|Any CPU = Debug|Any CPU
		Release|Any CPU = Release|Any CPU
	EndGlobalSection
	GlobalSection(ProjectConfigurationPlatforms) = postSolution
		{740BBCB9-7BB1-4BFB-8AB9-7BEA57235158}.Debug|Any CPU.ActiveCfg = Debug|Any CPU
		{740BBCB9-7BB1-4BFB-8AB9-7BEA57235158}.Debug|Any CPU.Build.0 = Debug|Any CPU
		{740BBCB9-7BB1-4BFB-8AB9-7BEA57235158}.Release|Any CPU.ActiveCfg = Release|Any CPU
		{740BBCB9-7BB1-4BFB-8AB9-7BEA57235158}.Release|Any CPU.Build.0 = Release|Any CPU
		{1AC2705F-A37E-4A15-9DC6-C7C07D784A8C}.Debug|Any CPU.ActiveCfg = Debug|Any CPU
		{1AC2705F-A37E-4A15-9DC6-C7C07D784A8C}.Debug|Any CPU.Build.0 = Debug|Any CPU
		{1AC2705F-A37E-4A15-9DC6-C7C07D784A8C}.Release|Any CPU.ActiveCfg = Release|Any CPU
		{1AC2705F-A37E-4A15-9DC6-C7C07D784A8C}.Release|Any CPU.Build.0 = Release|Any CPU
		{23A38140-D231-49AF-AC34-4E8880F75477}.Debug|Any CPU.ActiveCfg = Debug|Any CPU
		{23A38140-D231-49AF-AC34-4E8880F75477}.Debug|Any CPU.Build.0 = Debug|Any CPU
		{23A38140-D231-49AF-AC34-4E8880F75477}.Release|Any CPU.ActiveCfg = Release|Any CPU
		{23A38140-D231-49AF-AC34-4E8880F75477}.Release|Any CPU.Build.0 = Release|Any CPU
	EndGlobalSection
	GlobalSection(SolutionProperties) = preSolution
		HideSolutionNode = FALSE
	EndGlobalSection
	GlobalSection(ExtensibilityGlobals) = postSolution
		SolutionGuid = {E7453BAE-BDA8-4FA6-A1E4-303CDCA83493}
	EndGlobalSection
EndGlobal
