
Microsoft Visual Studio Solution File, Format Version 12.00
# Visual Studio Version 16
VisualStudioVersion = 16.0.29102.190
MinimumVisualStudioVersion = 10.0.40219.1
Project("{9A19103F-16F7-4668-BE54-9A1E7A4F7556}") = "CZGL.Auth", "CZGL.Auth\CZGL.Auth.csproj", "{38118CE1-A7CD-40FE-A4DB-A95E4FF07A3B}"
EndProject
Project("{9A19103F-16F7-4668-BE54-9A1E7A4F7556}") = "AuthTest", "AuthTest\AuthTest.csproj", "{AB585510-526C-4558-8B2F-BFE771A4FEED}"
EndProject
Project("{2150E333-8FDC-42A3-9474-1A3956D46DE8}") = "Solution Items", "Solution Items", "{83BEE6E3-4EB3-44B2-93C4-EF4347647B12}"
	ProjectSection(SolutionItems) = preProject
		.filenesting.json = .filenesting.json
		Readme.md = Readme.md
	EndProjectSection
EndProject
Global
	GlobalSection(SolutionConfigurationPlatforms) = preSolution
		Debug|Any CPU = Debug|Any CPU
		Release|Any CPU = Release|Any CPU
	EndGlobalSection
	GlobalSection(ProjectConfigurationPlatforms) = postSolution
		{38118CE1-A7CD-40FE-A4DB-A95E4FF07A3B}.Debug|Any CPU.ActiveCfg = Debug|Any CPU
		{38118CE1-A7CD-40FE-A4DB-A95E4FF07A3B}.Debug|Any CPU.Build.0 = Debug|Any CPU
		{38118CE1-A7CD-40FE-A4DB-A95E4FF07A3B}.Release|Any CPU.ActiveCfg = Release|Any CPU
		{38118CE1-A7CD-40FE-A4DB-A95E4FF07A3B}.Release|Any CPU.Build.0 = Release|Any CPU
		{AB585510-526C-4558-8B2F-BFE771A4FEED}.Debug|Any CPU.ActiveCfg = Debug|Any CPU
		{AB585510-526C-4558-8B2F-BFE771A4FEED}.Debug|Any CPU.Build.0 = Debug|Any CPU
		{AB585510-526C-4558-8B2F-BFE771A4FEED}.Release|Any CPU.ActiveCfg = Release|Any CPU
		{AB585510-526C-4558-8B2F-BFE771A4FEED}.Release|Any CPU.Build.0 = Release|Any CPU
	EndGlobalSection
	GlobalSection(SolutionProperties) = preSolution
		HideSolutionNode = FALSE
	EndGlobalSection
	GlobalSection(ExtensibilityGlobals) = postSolution
		SolutionGuid = {78457136-4AF5-45E1-BFA1-DB50D100D39E}
	EndGlobalSection
EndGlobal
